
Microsoft Visual Studio Solution File, Format Version 12.00
# Visual Studio Version 16
VisualStudioVersion = 16.0.32929.386
MinimumVisualStudioVersion = 10.0.40219.1
Project("{FAE04EC0-301F-11D3-BF4B-00C04F79EFBC}") = "Самостоятельная работа 14. Абстрактные классы", "Самостоятельная работа 14. Абстрактные классы\Самостоятельная работа 14. Абстрактные классы.csproj", "{0947733B-2E09-4CBB-8AEC-EC5D55B0EFD5}"
EndProject
Global
	GlobalSection(SolutionConfigurationPlatforms) = preSolution
		Debug|Any CPU = Debug|Any CPU
		Release|Any CPU = Release|Any CPU
	EndGlobalSection
	GlobalSection(ProjectConfigurationPlatforms) = postSolution
		{0947733B-2E09-4CBB-8AEC-EC5D55B0EFD5}.Debug|Any CPU.ActiveCfg = Debug|Any CPU
		{0947733B-2E09-4CBB-8AEC-EC5D55B0EFD5}.Debug|Any CPU.Build.0 = Debug|Any CPU
		{0947733B-2E09-4CBB-8AEC-EC5D55B0EFD5}.Release|Any CPU.ActiveCfg = Release|Any CPU
		{0947733B-2E09-4CBB-8AEC-EC5D55B0EFD5}.Release|Any CPU.Build.0 = Release|Any CPU
	EndGlobalSection
	GlobalSection(SolutionProperties) = preSolution
		HideSolutionNode = FALSE
	EndGlobalSection
	GlobalSection(ExtensibilityGlobals) = postSolution
		SolutionGuid = {0E9C8914-1878-4245-9D96-8DC55CB00DBE}
	EndGlobalSection
EndGlobal
